PODS:
  - Realm (3.13.1):
    - Realm/Headers (= 3.13.1)
  - Realm/Headers (3.13.1)
  - SwiftyBeaver (1.6.2)

DEPENDENCIES:
  - Realm
  - SwiftyBeaver

SPEC REPOS:
  https://github.com/cocoapods/specs.git:
    - Realm
    - SwiftyBeaver

SPEC CHECKSUMS:
  Realm: 50071da38fe079e0735e47c9f2eae738c68c5996
  SwiftyBeaver: 8e67ab3cd94389cbbb7a9c7cc02748d98bfee68e

PODFILE CHECKSUM: 863d917ee88aba4670fd7dc479eef5c9f2bdaf58

COCOAPODS: 1.6.0
